{
  "name": "mycelial-dashboard",
  "lockfileVersion": 3,
  "requires": true,
  "packages": {
    "": {
      "dependencies": {
        "@noble/ed25519": "^3.0.0"
      }
    },
    "node_modules/@noble/ed25519": {
      "version": "3.0.0",
      "resolved": "https://registry.npmjs.org/@noble/ed25519/-/ed25519-3.0.0.tgz",
      "integrity": "sha512-QyteqMNm0GLqfa5SoYbSC3+Pvykwpn95Zgth4MFVSMKBB75ELl9tX1LAVsN4c3HXOrakHsF2gL4zWDAYCcsnzg==",
      "license": "MIT",
      "funding": {
        "url": "https://paulmillr.com/funding/"
      }
    }
  }
}
